github.com/gorilla/websocket v1.4.2 h1:+/TMaTYc4QFitKJxsQ7Yye35DkWvkdLcvGKqM+x0Ufc=
github.com/gorilla/websocket v1.4.2/go.mod h1:YR8l580nyteQvAITg2hZ9XVh4b55+EU/adAjf1fMHhE=
github.com/matti/betterio v0.1.0 h1:knvHBqHKcz/8Q34i5MsRKNpMjTJztaX4/1OZpZ01qXw=
github.com/matti/betterio v0.1.0/go.mod h1:ytTDXxj9xajX5b8hn2U5Vdbm8FfEcVzbol7peZVwoe4=
